
Microsoft Visual Studio Solution File, Format Version 12.00
# Visual Studio 15
VisualStudioVersion = 15.0.27703.2026
MinimumVisualStudioVersion = 10.0.40219.1
Project("{FAE04EC0-301F-11D3-BF4B-00C04F79EFBC}") = "histogramaFinal", "histogramaFinal\histogramaFinal.csproj", "{A66EF6B9-E475-48DC-9E79-AF987788AAE0}"
EndProject
Global
	GlobalSection(SolutionConfigurationPlatforms) = preSolution
		Debug|Any CPU = Debug|Any CPU
		Debug|x64 = Debug|x64
		Release|Any CPU = Release|Any CPU
		Release|x64 = Release|x64
	EndGlobalSection
	GlobalSection(ProjectConfigurationPlatforms) = postSolution
		{A66EF6B9-E475-48DC-9E79-AF987788AAE0}.Debug|Any CPU.ActiveCfg = Debug|Any CPU
		{A66EF6B9-E475-48DC-9E79-AF987788AAE0}.Debug|Any CPU.Build.0 = Debug|Any CPU
		{A66EF6B9-E475-48DC-9E79-AF987788AAE0}.Debug|x64.ActiveCfg = Debug|x64
		{A66EF6B9-E475-48DC-9E79-AF987788AAE0}.Debug|x64.Build.0 = Debug|x64
		{A66EF6B9-E475-48DC-9E79-AF987788AAE0}.Release|Any CPU.ActiveCfg = Release|Any CPU
		{A66EF6B9-E475-48DC-9E79-AF987788AAE0}.Release|Any CPU.Build.0 = Release|Any CPU
		{A66EF6B9-E475-48DC-9E79-AF987788AAE0}.Release|x64.ActiveCfg = Release|x64
		{A66EF6B9-E475-48DC-9E79-AF987788AAE0}.Release|x64.Build.0 = Release|x64
	EndGlobalSection
	GlobalSection(SolutionProperties) = preSolution
		HideSolutionNode = FALSE
	EndGlobalSection
	GlobalSection(ExtensibilityGlobals) = postSolution
		SolutionGuid = {68A4AEFB-2F10-4452-951C-5B14682D92A6}
	EndGlobalSection
EndGlobal
